// !$*UTF8*$!
{
	archiveVersion = 1;
	classes = {
	};
	objectVersion = 50;
	objects = {

/* Begin PBXBuildFile section */
		8281FF1C26E3E5B800D7D63A /* AppDelegate.swift in Sources */ = {isa = PBXBuildFile; fileRef = 8281FF1B26E3E5B800D7D63A /* AppDelegate.swift */; };
		8281FF1E26E3E5B800D7D63A /* SceneDelegate.swift in Sources */ = {isa = PBXBuildFile; fileRef = 8281FF1D26E3E5B800D7D63A /* SceneDelegate.swift */; };
		8281FF2026E3E5B800D7D63A /* ViewController.swift in Sources */ = {isa = PBXBuildFile; fileRef = 8281FF1F26E3E5B800D7D63A /* ViewController.swift */; };
		8281FF2326E3E5B800D7D63A /* Main.storyboard in Resources */ = {isa = PBXBuildFile; fileRef = 8281FF2126E3E5B800D7D63A /* Main.storyboard */; };
		8281FF2626E3E5B800D7D63A /* SMSFilter.xcdatamodeld in Sources */ = {isa = PBXBuildFile; fileRef = 8281FF2426E3E5B800D7D63A /* SMSFilter.xcdatamodeld */; };
		8281FF2826E3E5BA00D7D63A /* Assets.xcassets in Resources */ = {isa = PBXBuildFile; fileRef = 8281FF2726E3E5BA00D7D63A /* Assets.xcassets */; };
		8281FF2B26E3E5BA00D7D63A /* LaunchScreen.storyboard in Resources */ = {isa = PBXBuildFile; fileRef = 8281FF2926E3E5BA00D7D63A /* LaunchScreen.storyboard */; };
		8281FF3426E3E66E00D7D63A /* Word+CoreDataClass.swift in Sources */ = {isa = PBXBuildFile; fileRef = 8281FF3226E3E66E00D7D63A /* Word+CoreDataClass.swift */; };
		8281FF3526E3E66E00D7D63A /* Word+CoreDataProperties.swift in Sources */ = {isa = PBXBuildFile; fileRef = 8281FF3326E3E66E00D7D63A /* Word+CoreDataProperties.swift */; };
		8281FF3E26E3EF1C00D7D63A /* MessageFilterExtension.swift in Sources */ = {isa = PBXBuildFile; fileRef = 8281FF3D26E3EF1C00D7D63A /* MessageFilterExtension.swift */; };
		8281FF4226E3EF1C00D7D63A /* Filter.appex in Embed App Extensions */ = {isa = PBXBuildFile; fileRef = 8281FF3B26E3EF1C00D7D63A /* Filter.appex */; settings = {ATTRIBUTES = (RemoveHeadersOnCopy, ); }; };
		8281FF4726E3F05500D7D63A /* SMSFilter.xcdatamodeld in Sources */ = {isa = PBXBuildFile; fileRef = 8281FF2426E3E5B800D7D63A /* SMSFilter.xcdatamodeld */; };
		8281FF4826E3F33800D7D63A /* Word+CoreDataClass.swift in Sources */ = {isa = PBXBuildFile; fileRef = 8281FF3226E3E66E00D7D63A /* Word+CoreDataClass.swift */; };
		8281FF4926E3F33B00D7D63A /* Word+CoreDataProperties.swift in Sources */ = {isa = PBXBuildFile; fileRef = 8281FF3326E3E66E00D7D63A /* Word+CoreDataProperties.swift */; };
		8281FF4D26E3F9FB00D7D63A /* CustomPersistentContainer.swift in Sources */ = {isa = PBXBuildFile; fileRef = 8281FF4C26E3F9FB00D7D63A /* CustomPersistentContainer.swift */; };
		8281FF4E26E3F9FB00D7D63A /* CustomPersistentContainer.swift in Sources */ = {isa = PBXBuildFile; fileRef = 8281FF4C26E3F9FB00D7D63A /* CustomPersistentContainer.swift */; };
/* End PBXBuildFile section */

/* Begin PBXContainerItemProxy section */
		8281FF4026E3EF1C00D7D63A /* PBXContainerItemProxy */ = {
			isa = PBXContainerItemProxy;
			containerPortal = 8281FF1026E3E5B800D7D63A /* Project object */;
			proxyType = 1;
			remoteGlobalIDString = 8281FF3A26E3EF1C00D7D63A;
			remoteInfo = Filter;
		};
/* End PBXContainerItemProxy section */

/* Begin PBXCopyFilesBuildPhase section */
		8281FF4626E3EF1C00D7D63A /* Embed App Extensions */ = {
			isa = PBXCopyFilesBuildPhase;
			buildActionMask = 2147483647;
			dstPath = "";
			dstSubfolderSpec = 13;
			files = (
				8281FF4226E3EF1C00D7D63A /* Filter.appex in Embed App Extensions */,
			);
			name = "Embed App Extensions";
			runOnlyForDeploymentPostprocessing = 0;
		};
/* End PBXCopyFilesBuildPhase section */

/* Begin PBXFileReference section */
		8281FF1826E3E5B800D7D63A /* SMSFilter.app */ = {isa = PBXFileReference; explicitFileType = wrapper.application; includeInIndex = 0; path = SMSFilter.app; sourceTree = BUILT_PRODUCTS_DIR; };
		8281FF1B26E3E5B800D7D63A /* AppDelegate.swift */ = {isa = PBXFileReference; lastKnownFileType = sourcecode.swift; path = AppDelegate.swift; sourceTree = "<group>"; };
		8281FF1D26E3E5B800D7D63A /* SceneDelegate.swift */ = {isa = PBXFileReference; lastKnownFileType = sourcecode.swift; path = SceneDelegate.swift; sourceTree = "<group>"; };
		8281FF1F26E3E5B800D7D63A /* ViewController.swift */ = {isa = PBXFileReference; lastKnownFileType = sourcecode.swift; path = ViewController.swift; sourceTree = "<group>"; };
		8281FF2226E3E5B800D7D63A /* Base */ = {isa = PBXFileReference; lastKnownFileType = file.storyboard; name = Base; path = Base.lproj/Main.storyboard; sourceTree = "<group>"; };
		8281FF2526E3E5B800D7D63A /* SMSFilter.xcdatamodel */ = {isa = PBXFileReference; lastKnownFileType = wrapper.xcdatamodel; path = SMSFilter.xcdatamodel; sourceTree = "<group>"; };
		8281FF2726E3E5BA00D7D63A /* Assets.xcassets */ = {isa = PBXFileReference; lastKnownFileType = folder.assetcatalog; path = Assets.xcassets; sourceTree = "<group>"; };
		8281FF2A26E3E5BA00D7D63A /* Base */ = {isa = PBXFileReference; lastKnownFileType = file.storyboard; name = Base; path = Base.lproj/LaunchScreen.storyboard; sourceTree = "<group>"; };
		8281FF2C26E3E5BA00D7D63A /* Info.plist */ = {isa = PBXFileReference; lastKnownFileType = text.plist.xml; path = Info.plist; sourceTree = "<group>"; };
		8281FF3226E3E66E00D7D63A /* Word+CoreDataClass.swift */ = {isa = PBXFileReference; lastKnownFileType = sourcecode.swift; path = "Word+CoreDataClass.swift"; sourceTree = "<group>"; };
		8281FF3326E3E66E00D7D63A /* Word+CoreDataProperties.swift */ = {isa = PBXFileReference; lastKnownFileType = sourcecode.swift; path = "Word+CoreDataProperties.swift"; sourceTree = "<group>"; };
		8281FF3B26E3EF1C00D7D63A /* Filter.appex */ = {isa = PBXFileReference; explicitFileType = "wrapper.app-extension"; includeInIndex = 0; path = Filter.appex; sourceTree = BUILT_PRODUCTS_DIR; };
		8281FF3D26E3EF1C00D7D63A /* MessageFilterExtension.swift */ = {isa = PBXFileReference; lastKnownFileType = sourcecode.swift; path = MessageFilterExtension.swift; sourceTree = "<group>"; };
		8281FF3F26E3EF1C00D7D63A /* Info.plist */ = {isa = PBXFileReference; lastKnownFileType = text.plist.xml; path = Info.plist; sourceTree = "<group>"; };
		8281FF4A26E3F79600D7D63A /* SMSFilter.entitlements */ = {isa = PBXFileReference; lastKnownFileType = text.plist.entitlements; path = SMSFilter.entitlements; sourceTree = "<group>"; };
		8281FF4B26E3F88200D7D63A /* Filter.entitlements */ = {isa = PBXFileReference; lastKnownFileType = text.plist.entitlements; path = Filter.entitlements; sourceTree = "<group>"; };
		8281FF4C26E3F9FB00D7D63A /* CustomPersistentContainer.swift */ = {isa = PBXFileReference; lastKnownFileType = sourcecode.swift; path = CustomPersistentContainer.swift; sourceTree = "<group>"; };
		8281FF4F26E409E500D7D63A /* README.md */ = {isa = PBXFileReference; lastKnownFileType = net.daringfireball.markdown; path = README.md; sourceTree = "<group>"; };
/* End PBXFileReference section */

/* Begin PBXFrameworksBuildPhase section */
		8281FF1526E3E5B800D7D63A /* Frameworks */ = {
			isa = PBXFrameworksBuildPhase;
			buildActionMask = 2147483647;
			files = (
			);
			runOnlyForDeploymentPostprocessing = 0;
		};
		8281FF3826E3EF1C00D7D63A /* Frameworks */ = {
			isa = PBXFrameworksBuildPhase;
			buildActionMask = 2147483647;
			files = (
			);
			runOnlyForDeploymentPostprocessing = 0;
		};
/* End PBXFrameworksBuildPhase section */

/* Begin PBXGroup section */
		8281FF0F26E3E5B800D7D63A = {
			isa = PBXGroup;
			children = (
				8281FF4F26E409E500D7D63A /* README.md */,
				8281FF1A26E3E5B800D7D63A /* SMSFilter */,
				8281FF3C26E3EF1C00D7D63A /* Filter */,
				8281FF1926E3E5B800D7D63A /* Products */,
			);
			sourceTree = "<group>";
		};
		8281FF1926E3E5B800D7D63A /* Products */ = {
			isa = PBXGroup;
			children = (
				8281FF1826E3E5B800D7D63A /* SMSFilter.app */,
				8281FF3B26E3EF1C00D7D63A /* Filter.appex */,
			);
			name = Products;
			sourceTree = "<group>";
		};
		8281FF1A26E3E5B800D7D63A /* SMSFilter */ = {
			isa = PBXGroup;
			children = (
				8281FF4A26E3F79600D7D63A /* SMSFilter.entitlements */,
				8281FF3626E3E67D00D7D63A /* Word */,
				8281FF1B26E3E5B800D7D63A /* AppDelegate.swift */,
				8281FF4C26E3F9FB00D7D63A /* CustomPersistentContainer.swift */,
				8281FF1D26E3E5B800D7D63A /* SceneDelegate.swift */,
				8281FF1F26E3E5B800D7D63A /* ViewController.swift */,
				8281FF2126E3E5B800D7D63A /* Main.storyboard */,
				8281FF2726E3E5BA00D7D63A /* Assets.xcassets */,
				8281FF2926E3E5BA00D7D63A /* LaunchScreen.storyboard */,
				8281FF2C26E3E5BA00D7D63A /* Info.plist */,
				8281FF2426E3E5B800D7D63A /* SMSFilter.xcdatamodeld */,
			);
			path = SMSFilter;
			sourceTree = "<group>";
		};
		8281FF3626E3E67D00D7D63A /* Word */ = {
			isa = PBXGroup;
			children = (
				8281FF3226E3E66E00D7D63A /* Word+CoreDataClass.swift */,
				8281FF3326E3E66E00D7D63A /* Word+CoreDataProperties.swift */,
			);
			path = Word;
			sourceTree = "<group>";
		};
		8281FF3C26E3EF1C00D7D63A /* Filter */ = {
			isa = PBXGroup;
			children = (
				8281FF4B26E3F88200D7D63A /* Filter.entitlements */,
				8281FF3D26E3EF1C00D7D63A /* MessageFilterExtension.swift */,
				8281FF3F26E3EF1C00D7D63A /* Info.plist */,
			);
			path = Filter;
			sourceTree = "<group>";
		};
/* End PBXGroup section */

/* Begin PBXNativeTarget section */
		8281FF1726E3E5B800D7D63A /* SMSFilter */ = {
			isa = PBXNativeTarget;
			buildConfigurationList = 8281FF2F26E3E5BA00D7D63A /* Build configuration list for PBXNativeTarget "SMSFilter" */;
			buildPhases = (
				8281FF1426E3E5B800D7D63A /* Sources */,
				8281FF1526E3E5B800D7D63A /* Frameworks */,
				8281FF1626E3E5B800D7D63A /* Resources */,
				8281FF4626E3EF1C00D7D63A /* Embed App Extensions */,
			);
			buildRules = (
			);
			dependencies = (
				8281FF4126E3EF1C00D7D63A /* PBXTargetDependency */,
			);
			name = SMSFilter;
			productName = SMSFilter;
			productReference = 8281FF1826E3E5B800D7D63A /* SMSFilter.app */;
			productType = "com.apple.product-type.application";
		};
		8281FF3A26E3EF1C00D7D63A /* Filter */ = {
			isa = PBXNativeTarget;
			buildConfigurationList = 8281FF4326E3EF1C00D7D63A /* Build configuration list for PBXNativeTarget "Filter" */;
			buildPhases = (
				8281FF3726E3EF1C00D7D63A /* Sources */,
				8281FF3826E3EF1C00D7D63A /* Frameworks */,
				8281FF3926E3EF1C00D7D63A /* Resources */,
			);
			buildRules = (
			);
			dependencies = (
			);
			name = Filter;
			productName = Filter;
			productReference = 8281FF3B26E3EF1C00D7D63A /* Filter.appex */;
			productType = "com.apple.product-type.app-extension";
		};
/* End PBXNativeTarget section */

/* Begin PBXProject section */
		8281FF1026E3E5B800D7D63A /* Project object */ = {
			isa = PBXProject;
			attributes = {
				LastSwiftUpdateCheck = 1250;
				LastUpgradeCheck = 1250;
				TargetAttributes = {
					8281FF1726E3E5B800D7D63A = {
						CreatedOnToolsVersion = 12.5.1;
					};
					8281FF3A26E3EF1C00D7D63A = {
						CreatedOnToolsVersion = 12.5.1;
					};
				};
			};
			buildConfigurationList = 8281FF1326E3E5B800D7D63A /* Build configuration list for PBXProject "SMSFilter" */;
			compatibilityVersion = "Xcode 9.3";
			developmentRegion = en;
			hasScannedForEncodings = 0;
			knownRegions = (
				en,
				Base,
			);
			mainGroup = 8281FF0F26E3E5B800D7D63A;
			productRefGroup = 8281FF1926E3E5B800D7D63A /* Products */;
			projectDirPath = "";
			projectRoot = "";
			targets = (
				8281FF1726E3E5B800D7D63A /* SMSFilter */,
				8281FF3A26E3EF1C00D7D63A /* Filter */,
			);
		};
/* End PBXProject section */

/* Begin PBXResourcesBuildPhase section */
		8281FF1626E3E5B800D7D63A /* Resources */ = {
			isa = PBXResourcesBuildPhase;
			buildActionMask = 2147483647;
			files = (
				8281FF2B26E3E5BA00D7D63A /* LaunchScreen.storyboard in Resources */,
				8281FF2826E3E5BA00D7D63A /* Assets.xcassets in Resources */,
				8281FF2326E3E5B800D7D63A /* Main.storyboard in Resources */,
			);
			runOnlyForDeploymentPostprocessing = 0;
		};
		8281FF3926E3EF1C00D7D63A /* Resources */ = {
			isa = PBXResourcesBuildPhase;
			buildActionMask = 2147483647;
			files = (
			);
			runOnlyForDeploymentPostprocessing = 0;
		};
/* End PBXResourcesBuildPhase section */

/* Begin PBXSourcesBuildPhase section */
		8281FF1426E3E5B800D7D63A /* Sources */ = {
			isa = PBXSourcesBuildPhase;
			buildActionMask = 2147483647;
			files = (
				8281FF2026E3E5B800D7D63A /* ViewController.swift in Sources */,
				8281FF3426E3E66E00D7D63A /* Word+CoreDataClass.swift in Sources */,
				8281FF1C26E3E5B800D7D63A /* AppDelegate.swift in Sources */,
				8281FF1E26E3E5B800D7D63A /* SceneDelegate.swift in Sources */,
				8281FF2626E3E5B800D7D63A /* SMSFilter.xcdatamodeld in Sources */,
				8281FF4D26E3F9FB00D7D63A /* CustomPersistentContainer.swift in Sources */,
				8281FF3526E3E66E00D7D63A /* Word+CoreDataProperties.swift in Sources */,
			);
			runOnlyForDeploymentPostprocessing = 0;
		};
		8281FF3726E3EF1C00D7D63A /* Sources */ = {
			isa = PBXSourcesBuildPhase;
			buildActionMask = 2147483647;
			files = (
				8281FF3E26E3EF1C00D7D63A /* MessageFilterExtension.swift in Sources */,
				8281FF4726E3F05500D7D63A /* SMSFilter.xcdatamodeld in Sources */,
				8281FF4826E3F33800D7D63A /* Word+CoreDataClass.swift in Sources */,
				8281FF4E26E3F9FB00D7D63A /* CustomPersistentContainer.swift in Sources */,
				8281FF4926E3F33B00D7D63A /* Word+CoreDataProperties.swift in Sources */,
			);
			runOnlyForDeploymentPostprocessing = 0;
		};
/* End PBXSourcesBuildPhase section */

/* Begin PBXTargetDependency section */
		8281FF4126E3EF1C00D7D63A /* PBXTargetDependency */ = {
			isa = PBXTargetDependency;
			target = 8281FF3A26E3EF1C00D7D63A /* Filter */;
			targetProxy = 8281FF4026E3EF1C00D7D63A /* PBXContainerItemProxy */;
		};
/* End PBXTargetDependency section */

/* Begin PBXVariantGroup section */
		8281FF2126E3E5B800D7D63A /* Main.storyboard */ = {
			isa = PBXVariantGroup;
			children = (
				8281FF2226E3E5B800D7D63A /* Base */,
			);
			name = Main.storyboard;
			sourceTree = "<group>";
		};
		8281FF2926E3E5BA00D7D63A /* LaunchScreen.storyboard */ = {
			isa = PBXVariantGroup;
			children = (
				8281FF2A26E3E5BA00D7D63A /* Base */,
			);
			name = LaunchScreen.storyboard;
			sourceTree = "<group>";
		};
/* End PBXVariantGroup section */

/* Begin XCBuildConfiguration section */
		8281FF2D26E3E5BA00D7D63A /* Debug */ = {
			isa = XCBuildConfiguration;
			buildSettings = {
				ALWAYS_SEARCH_USER_PATHS = NO;
				CLANG_ANALYZER_NONNULL = YES;
				CLANG_ANALYZER_NUMBER_OBJECT_CONVERSION = YES_AGGRESSIVE;
				CLANG_CXX_LANGUAGE_STANDARD = "gnu++14";
				CLANG_CXX_LIBRARY = "libc++";
				CLANG_ENABLE_MODULES = YES;
				CLANG_ENABLE_OBJC_ARC = YES;
				CLANG_ENABLE_OBJC_WEAK = YES;
				CLANG_WARN_BLOCK_CAPTURE_AUTORELEASING = YES;
				CLANG_WARN_BOOL_CONVERSION = YES;
				CLANG_WARN_COMMA = YES;
				CLANG_WARN_CONSTANT_CONVERSION = YES;
				CLANG_WARN_DEPRECATED_OBJC_IMPLEMENTATIONS = YES;
				CLANG_WARN_DIRECT_OBJC_ISA_USAGE = YES_ERROR;
				CLANG_WARN_DOCUMENTATION_COMMENTS = YES;
				CLANG_WARN_EMPTY_BODY = YES;
				CLANG_WARN_ENUM_CONVERSION = YES;
				CLANG_WARN_INFINITE_RECURSION = YES;
				CLANG_WARN_INT_CONVERSION = YES;
				CLANG_WARN_NON_LITERAL_NULL_CONVERSION = YES;
				CLANG_WARN_OBJC_IMPLICIT_RETAIN_SELF = YES;
				CLANG_WARN_OBJC_LITERAL_CONVERSION = YES;
				CLANG_WARN_OBJC_ROOT_CLASS = YES_ERROR;
				CLANG_WARN_QUOTED_INCLUDE_IN_FRAMEWORK_HEADER = YES;
				CLANG_WARN_RANGE_LOOP_ANALYSIS = YES;
				CLANG_WARN_STRICT_PROTOTYPES = YES;
				CLANG_WARN_SUSPICIOUS_MOVE = YES;
				CLANG_WARN_UNGUARDED_AVAILABILITY = YES_AGGRESSIVE;
				CLANG_WARN_UNREACHABLE_CODE = YES;
				CLANG_WARN__DUPLICATE_METHOD_MATCH = YES;
				COPY_PHASE_STRIP = NO;
				DEBUG_INFORMATION_FORMAT = dwarf;
				ENABLE_STRICT_OBJC_MSGSEND = YES;
				ENABLE_TESTABILITY = YES;
				GCC_C_LANGUAGE_STANDARD = gnu11;
				GCC_DYNAMIC_NO_PIC = NO;
				GCC_NO_COMMON_BLOCKS = YES;
				GCC_OPTIMIZATION_LEVEL = 0;
				GCC_PREPROCESSOR_DEFINITIONS = (
					"DEBUG=1",
					"$(inherited)",
				);
				GCC_WARN_64_TO_32_BIT_CONVERSION = YES;
				GCC_WARN_ABOUT_RETURN_TYPE = YES_ERROR;
				GCC_WARN_UNDECLARED_SELECTOR = YES;
				GCC_WARN_UNINITIALIZED_AUTOS = YES_AGGRESSIVE;
				GCC_WARN_UNUSED_FUNCTION = YES;
				GCC_WARN_UNUSED_VARIABLE = YES;
				IPHONEOS_DEPLOYMENT_TARGET = 14.5;
				MTL_ENABLE_DEBUG_INFO = INCLUDE_SOURCE;
				MTL_FAST_MATH = YES;
				ONLY_ACTIVE_ARCH = YES;
				SDKROOT = iphoneos;
				SWIFT_ACTIVE_COMPILATION_CONDITIONS = DEBUG;
				SWIFT_OPTIMIZATION_LEVEL = "-Onone";
			};
			name = Debug;
		};
		8281FF2E26E3E5BA00D7D63A /* Release */ = {
			isa = XCBuildConfiguration;
			buildSettings = {
				ALWAYS_SEARCH_USER_PATHS = NO;
				CLANG_ANALYZER_NONNULL = YES;
				CLANG_ANALYZER_NUMBER_OBJECT_CONVERSION = YES_AGGRESSIVE;
				CLANG_CXX_LANGUAGE_STANDARD = "gnu++14";
				CLANG_CXX_LIBRARY = "libc++";
				CLANG_ENABLE_MODULES = YES;
				CLANG_ENABLE_OBJC_ARC = YES;
				CLANG_ENABLE_OBJC_WEAK = YES;
				CLANG_WARN_BLOCK_CAPTURE_AUTORELEASING = YES;
				CLANG_WARN_BOOL_CONVERSION = YES;
				CLANG_WARN_COMMA = YES;
				CLANG_WARN_CONSTANT_CONVERSION = YES;
				CLANG_WARN_DEPRECATED_OBJC_IMPLEMENTATIONS = YES;
				CLANG_WARN_DIRECT_OBJC_ISA_USAGE = YES_ERROR;
				CLANG_WARN_DOCUMENTATION_COMMENTS = YES;
				CLANG_WARN_EMPTY_BODY = YES;
				CLANG_WARN_ENUM_CONVERSION = YES;
				CLANG_WARN_INFINITE_RECURSION = YES;
				CLANG_WARN_INT_CONVERSION = YES;
				CLANG_WARN_NON_LITERAL_NULL_CONVERSION = YES;
				CLANG_WARN_OBJC_IMPLICIT_RETAIN_SELF = YES;
				CLANG_WARN_OBJC_LITERAL_CONVERSION = YES;
				CLANG_WARN_OBJC_ROOT_CLASS = YES_ERROR;
				CLANG_WARN_QUOTED_INCLUDE_IN_FRAMEWORK_HEADER = YES;
				CLANG_WARN_RANGE_LOOP_ANALYSIS = YES;
				CLANG_WARN_STRICT_PROTOTYPES = YES;
				CLANG_WARN_SUSPICIOUS_MOVE = YES;
				CLANG_WARN_UNGUARDED_AVAILABILITY = YES_AGGRESSIVE;
				CLANG_WARN_UNREACHABLE_CODE = YES;
				CLANG_WARN__DUPLICATE_METHOD_MATCH = YES;
				COPY_PHASE_STRIP = NO;
				DEBUG_INFORMATION_FORMAT = "dwarf-with-dsym";
				ENABLE_NS_ASSERTIONS = NO;
				ENABLE_STRICT_OBJC_MSGSEND = YES;
				GCC_C_LANGUAGE_STANDARD = gnu11;
				GCC_NO_COMMON_BLOCKS = YES;
				GCC_WARN_64_TO_32_BIT_CONVERSION = YES;
				GCC_WARN_ABOUT_RETURN_TYPE = YES_ERROR;
				GCC_WARN_UNDECLARED_SELECTOR = YES;
				GCC_WARN_UNINITIALIZED_AUTOS = YES_AGGRESSIVE;
				GCC_WARN_UNUSED_FUNCTION = YES;
				GCC_WARN_UNUSED_VARIABLE = YES;
				IPHONEOS_DEPLOYMENT_TARGET = 14.5;
				MTL_ENABLE_DEBUG_INFO = NO;
				MTL_FAST_MATH = YES;
				SDKROOT = iphoneos;
				SWIFT_COMPILATION_MODE = wholemodule;
				SWIFT_OPTIMIZATION_LEVEL = "-O";
				VALIDATE_PRODUCT = YES;
			};
			name = Release;
		};
		8281FF3026E3E5BA00D7D63A /* Debug */ = {
			isa = XCBuildConfiguration;
			buildSettings = {
				ALWAYS_EMBED_SWIFT_STANDARD_LIBRARIES = YES;
				ASSETCATALOG_COMPILER_APPICON_NAME = AppIcon;
				ASSETCATALOG_COMPILER_GLOBAL_ACCENT_COLOR_NAME = AccentColor;
				CODE_SIGN_ENTITLEMENTS = SMSFilter/SMSFilter.entitlements;
				CODE_SIGN_STYLE = Automatic;
				DEVELOPMENT_TEAM = 7USQ382Z84;
				INFOPLIST_FILE = SMSFilter/Info.plist;
				LD_RUNPATH_SEARCH_PATHS = (
					"$(inherited)",
					"@executable_path/Frameworks",
				);
				PRODUCT_BUNDLE_IDENTIFIER = mx.josefarias.Filter;
				PRODUCT_NAME = "$(TARGET_NAME)";
				SWIFT_VERSION = 5.0;
				TARGETED_DEVICE_FAMILY = "1,2";
			};
			name = Debug;
		};
		8281FF3126E3E5BA00D7D63A /* Release */ = {
			isa = XCBuildConfiguration;
			buildSettings = {
				ALWAYS_EMBED_SWIFT_STANDARD_LIBRARIES = YES;
				ASSETCATALOG_COMPILER_APPICON_NAME = AppIcon;
				ASSETCATALOG_COMPILER_GLOBAL_ACCENT_COLOR_NAME = AccentColor;
				CODE_SIGN_ENTITLEMENTS = SMSFilter/SMSFilter.entitlements;
				CODE_SIGN_STYLE = Automatic;
				DEVELOPMENT_TEAM = 7USQ382Z84;
				INFOPLIST_FILE = SMSFilter/Info.plist;
				LD_RUNPATH_SEARCH_PATHS = (
					"$(inherited)",
					"@executable_path/Frameworks",
				);
				PRODUCT_BUNDLE_IDENTIFIER = mx.josefarias.Filter;
				PRODUCT_NAME = "$(TARGET_NAME)";
				SWIFT_VERSION = 5.0;
				TARGETED_DEVICE_FAMILY = "1,2";
			};
			name = Release;
		};
		8281FF4426E3EF1C00D7D63A /* Debug */ = {
			isa = XCBuildConfiguration;
			buildSettings = {
				CODE_SIGN_ENTITLEMENTS = Filter/Filter.entitlements;
				CODE_SIGN_STYLE = Automatic;
				DEVELOPMENT_TEAM = 7USQ382Z84;
				INFOPLIST_FILE = Filter/Info.plist;
				LD_RUNPATH_SEARCH_PATHS = (
					"$(inherited)",
					"@executable_path/Frameworks",
					"@executable_path/../../Frameworks",
				);
				PRODUCT_BUNDLE_IDENTIFIER = mx.josefarias.Filter.Filter;
				PRODUCT_NAME = "$(TARGET_NAME)";
				SKIP_INSTALL = YES;
				SWIFT_VERSION = 5.0;
				TARGETED_DEVICE_FAMILY = "1,2";
			};
			name = Debug;
		};
		8281FF4526E3EF1C00D7D63A /* Release */ = {
			isa = XCBuildConfiguration;
			buildSettings = {
				CODE_SIGN_ENTITLEMENTS = Filter/Filter.entitlements;
				CODE_SIGN_STYLE = Automatic;
				DEVELOPMENT_TEAM = 7USQ382Z84;
				INFOPLIST_FILE = Filter/Info.plist;
				LD_RUNPATH_SEARCH_PATHS = (
					"$(inherited)",
					"@executable_path/Frameworks",
					"@executable_path/../../Frameworks",
				);
				PRODUCT_BUNDLE_IDENTIFIER = mx.josefarias.Filter.Filter;
				PRODUCT_NAME = "$(TARGET_NAME)";
				SKIP_INSTALL = YES;
				SWIFT_VERSION = 5.0;
				TARGETED_DEVICE_FAMILY = "1,2";
			};
			name = Release;
		};
/* End XCBuildConfiguration section */

/* Begin XCConfigurationList section */
		8281FF1326E3E5B800D7D63A /* Build configuration list for PBXProject "SMSFilter" */ = {
			isa = XCConfigurationList;
			buildConfigurations = (
				8281FF2D26E3E5BA00D7D63A /* Debug */,
				8281FF2E26E3E5BA00D7D63A /* Release */,
			);
			defaultConfigurationIsVisible = 0;
			defaultConfigurationName = Release;
		};
		8281FF2F26E3E5BA00D7D63A /* Build configuration list for PBXNativeTarget "SMSFilter" */ = {
			isa = XCConfigurationList;
			buildConfigurations = (
				8281FF3026E3E5BA00D7D63A /* Debug */,
				8281FF3126E3E5BA00D7D63A /* Release */,
			);
			defaultConfigurationIsVisible = 0;
			defaultConfigurationName = Release;
		};
		8281FF4326E3EF1C00D7D63A /* Build configuration list for PBXNativeTarget "Filter" */ = {
			isa = XCConfigurationList;
			buildConfigurations = (
				8281FF4426E3EF1C00D7D63A /* Debug */,
				8281FF4526E3EF1C00D7D63A /* Release */,
			);
			defaultConfigurationIsVisible = 0;
			defaultConfigurationName = Release;
		};
/* End XCConfigurationList section */

/* Begin XCVersionGroup section */
		8281FF2426E3E5B800D7D63A /* SMSFilter.xcdatamodeld */ = {
			isa = XCVersionGroup;
			children = (
				8281FF2526E3E5B800D7D63A /* SMSFilter.xcdatamodel */,
			);
			currentVersion = 8281FF2526E3E5B800D7D63A /* SMSFilter.xcdatamodel */;
			path = SMSFilter.xcdatamodeld;
			sourceTree = "<group>";
			versionGroupType = wrapper.xcdatamodel;
		};
/* End XCVersionGroup section */
	};
	rootObject = 8281FF1026E3E5B800D7D63A /* Project object */;
}
